
Microsoft Visual Studio Solution File, Format Version 12.00
# Visual Studio Version 17
VisualStudioVersion = 17.1.32210.238
MinimumVisualStudioVersion = 10.0.40219.1
Project("{FAE04EC0-301F-11D3-BF4B-00C04F79EFBC}") = "ConsoleApp1", "ConsoleApp1.csproj", "{473BB65B-8A53-4A25-8ACB-6E691B4465D1}"
EndProject
Global
	GlobalSection(SolutionConfigurationPlatforms) = preSolution
		Debug|Any CPU = Debug|Any CPU
		Release|Any CPU = Release|Any CPU
	EndGlobalSection
	GlobalSection(ProjectConfigurationPlatforms) = postSolution
		{473BB65B-8A53-4A25-8ACB-6E691B4465D1}.Debug|Any CPU.ActiveCfg = Debug|Any CPU
		{473BB65B-8A53-4A25-8ACB-6E691B4465D1}.Debug|Any CPU.Build.0 = Debug|Any CPU
		{473BB65B-8A53-4A25-8ACB-6E691B4465D1}.Release|Any CPU.ActiveCfg = Release|Any CPU
		{473BB65B-8A53-4A25-8ACB-6E691B4465D1}.Release|Any CPU.Build.0 = Release|Any CPU
	EndGlobalSection
	GlobalSection(SolutionProperties) = preSolution
		HideSolutionNode = FALSE
	EndGlobalSection
	GlobalSection(ExtensibilityGlobals) = postSolution
		SolutionGuid = {5AD12100-C72C-4443-A07B-5E2453C21B37}
	EndGlobalSection
EndGlobal
